<?xml version="1.0" encoding="utf-8"?>
<Project ToolsVersion="4.0" xmlns="http://schemas.microsoft.com/developer/msbuild/2003">
  <ItemGroup>
    <Filter Include="Source Files">
      <UniqueIdentifier>{4FC737F1-C7A5-4376-A066-2A32D752A2FF}</UniqueIdentifier>
      <Extensions>cpp;c;cc;cxx;def;odl;idl;hpj;bat;asm;asmx</Extensions>
    </Filter>
    <Filter Include="Header Files">
      <UniqueIdentifier>{93995380-89BD-4b04-88EB-625FBE52EBFB}</UniqueIdentifier>
      <Extensions>h;hh;hpp;hxx;hm;inl;inc;xsd</Extensions>
    </Filter>
    <Filter Include="Resource Files">
      <UniqueIdentifier>{67DA6AB6-F800-4c08-8B7A-83BB121AAD01}</UniqueIdentifier>
      <Extensions>rc;ico;cur;bmp;dlg;rc2;rct;bin;rgs;gif;jpg;jpeg;jpe;resx;tiff;tif;png;wav;mfcribbon-ms</Extensions>
    </Filter>
    <Filter Include="Header Files\libxml">
      <UniqueIdentifier>{d7e0e977-7d7c-4bf1-8fbd-a843495a1775}</UniqueIdentifier>
    </Filter>
  </ItemGroup>
  <ItemGroup>
    <ClInclude Include="include\iconv.h">
      <Filter>Header Files</Filter>
    </ClInclude>
    <ClInclude Include="include\libxml2\libxml\c14n.h">
      <Filter>Header Files\libxml</Filter>
    </ClInclude>
    <ClInclude Include="include\libxml2\libxml\catalog.h">
      <Filter>Header Files\libxml</Filter>
    </ClInclude>
    <ClInclude Include="include\libxml2\libxml\chvalid.h">
      <Filter>Header Files\libxml</Filter>
    </ClInclude>
    <ClInclude Include="include\libxml2\libxml\debugXML.h">
      <Filter>Header Files\libxml</Filter>
    </ClInclude>
    <ClInclude Include="include\libxml2\libxml\dict.h">
      <Filter>Header Files\libxml</Filter>
    </ClInclude>
    <ClInclude Include="include\libxml2\libxml\DOCBparser.h">
      <Filter>Header Files\libxml</Filter>
    </ClInclude>
    <ClInclude Include="include\libxml2\libxml\encoding.h">
      <Filter>Header Files\libxml</Filter>
    </ClInclude>
    <ClInclude Include="include\libxml2\libxml\entities.h">
      <Filter>Header Files\libxml</Filter>
    </ClInclude>
    <ClInclude Include="include\libxml2\libxml\globals.h">
      <Filter>Header Files\libxml</Filter>
    </ClInclude>
    <ClInclude Include="include\libxml2\libxml\hash.h">
      <Filter>Header Files\libxml</Filter>
    </ClInclude>
    <ClInclude Include="include\libxml2\libxml\HTMLparser.h">
      <Filter>Header Files\libxml</Filter>
    </ClInclude>
    <ClInclude Include="include\libxml2\libxml\HTMLtree.h">
      <Filter>Header Files\libxml</Filter>
    </ClInclude>
    <ClInclude Include="include\libxml2\libxml\list.h">
      <Filter>Header Files\libxml</Filter>
    </ClInclude>
    <ClInclude Include="include\libxml2\libxml\nanoftp.h">
      <Filter>Header Files\libxml</Filter>
    </ClInclude>
    <ClInclude Include="include\libxml2\libxml\nanohttp.h">
      <Filter>Header Files\libxml</Filter>
    </ClInclude>
    <ClInclude Include="include\libxml2\libxml\parser.h">
      <Filter>Header Files\libxml</Filter>
    </ClInclude>
    <ClInclude Include="include\libxml2\libxml\parserInternals.h">
      <Filter>Header Files\libxml</Filter>
    </ClInclude>
    <ClInclude Include="include\libxml2\libxml\pattern.h">
      <Filter>Header Files\libxml</Filter>
    </ClInclude>
    <ClInclude Include="include\libxml2\libxml\relaxng.h">
      <Filter>Header Files\libxml</Filter>
    </ClInclude>
    <ClInclude Include="include\libxml2\libxml\SAX.h">
      <Filter>Header Files\libxml</Filter>
    </ClInclude>
    <ClInclude Include="include\libxml2\libxml\SAX2.h">
      <Filter>Header Files\libxml</Filter>
    </ClInclude>
    <ClInclude Include="include\libxml2\libxml\schemasInternals.h">
      <Filter>Header Files\libxml</Filter>
    </ClInclude>
    <ClInclude Include="include\libxml2\libxml\schematron.h">
      <Filter>Header Files\libxml</Filter>
    </ClInclude>
    <ClInclude Include="include\libxml2\libxml\threads.h">
      <Filter>Header Files\libxml</Filter>
    </ClInclude>
    <ClInclude Include="include\libxml2\libxml\tree.h">
      <Filter>Header Files\libxml</Filter>
    </ClInclude>
    <ClInclude Include="include\libxml2\libxml\uri.h">
      <Filter>Header Files\libxml</Filter>
    </ClInclude>
    <ClInclude Include="include\libxml2\libxml\valid.h">
      <Filter>Header Files\libxml</Filter>
    </ClInclude>
    <ClInclude Include="include\libxml2\libxml\xinclude.h">
      <Filter>Header Files\libxml</Filter>
    </ClInclude>
    <ClInclude Include="include\libxml2\libxml\xlink.h">
      <Filter>Header Files\libxml</Filter>
    </ClInclude>
    <ClInclude Include="include\libxml2\libxml\xmlautomata.h">
      <Filter>Header Files\libxml</Filter>
    </ClInclude>
    <ClInclude Include="include\libxml2\libxml\xmlerror.h">
      <Filter>Header Files\libxml</Filter>
    </ClInclude>
    <ClInclude Include="include\libxml2\libxml\xmlexports.h">
      <Filter>Header Files\libxml</Filter>
    </ClInclude>
    <ClInclude Include="include\libxml2\libxml\xmlIO.h">
      <Filter>Header Files\libxml</Filter>
    </ClInclude>
    <ClInclude Include="include\libxml2\libxml\xmlmemory.h">
      <Filter>Header Files\libxml</Filter>
    </ClInclude>
    <ClInclude Include="include\libxml2\libxml\xmlmodule.h">
      <Filter>Header Files\libxml</Filter>
    </ClInclude>
    <ClInclude Include="include\libxml2\libxml\xmlreader.h">
      <Filter>Header Files\libxml</Filter>
    </ClInclude>
    <ClInclude Include="include\libxml2\libxml\xmlregexp.h">
      <Filter>Header Files\libxml</Filter>
    </ClInclude>
    <ClInclude Include="include\libxml2\libxml\xmlsave.h">
      <Filter>Header Files\libxml</Filter>
    </ClInclude>
    <ClInclude Include="include\libxml2\libxml\xmlschemas.h">
      <Filter>Header Files\libxml</Filter>
    </ClInclude>
    <ClInclude Include="include\libxml2\libxml\xmlschemastypes.h">
      <Filter>Header Files\libxml</Filter>
    </ClInclude>
    <ClInclude Include="include\libxml2\libxml\xmlstring.h">
      <Filter>Header Files\libxml</Filter>
    </ClInclude>
    <ClInclude Include="include\libxml2\libxml\xmlunicode.h">
      <Filter>Header Files\libxml</Filter>
    </ClInclude>
    <ClInclude Include="include\libxml2\libxml\xmlversion.h">
      <Filter>Header Files\libxml</Filter>
    </ClInclude>
    <ClInclude Include="include\libxml2\libxml\xmlwriter.h">
      <Filter>Header Files\libxml</Filter>
    </ClInclude>
    <ClInclude Include="include\libxml2\libxml\xpath.h">
      <Filter>Header Files\libxml</Filter>
    </ClInclude>
    <ClInclude Include="include\libxml2\libxml\xpathInternals.h">
      <Filter>Header Files\libxml</Filter>
    </ClInclude>
    <ClInclude Include="include\libxml2\libxml\xpointer.h">
      <Filter>Header Files\libxml</Filter>
    </ClInclude>
  </ItemGroup>
</Project>